
Microsoft Visual Studio Solution File, Format Version 12.00
# Visual Studio Version 17
VisualStudioVersion = 17.7.34031.279
MinimumVisualStudioVersion = 10.0.40219.1
Project("{9A19103F-16F7-4668-BE54-9A1E7A4F7556}") = "Messages", "Messages\Messages.csproj", "{2152EB0D-012C-4BFE-AB2C-117741CCDCB6}"
EndProject
Project("{FAE04EC0-301F-11D3-BF4B-00C04F79EFBC}") = "SensorsRT", "SensorsRT\SensorsRT.csproj", "{7415B3CA-9AE6-48AC-9D0C-971C3BBC834F}"
EndProject
Project("{FAE04EC0-301F-11D3-BF4B-00C04F79EFBC}") = "UnitTests", "UnitTests\UnitTests.csproj", "{8A845A2D-B4DF-4776-8CD5-E6B5DBBFE57C}"
EndProject
Global
	GlobalSection(SolutionConfigurationPlatforms) = preSolution
		Debug|Any CPU = Debug|Any CPU
		Release|Any CPU = Release|Any CPU
	EndGlobalSection
	GlobalSection(ProjectConfigurationPlatforms) = postSolution
		{2152EB0D-012C-4BFE-AB2C-117741CCDCB6}.Debug|Any CPU.ActiveCfg = Debug|Any CPU
		{2152EB0D-012C-4BFE-AB2C-117741CCDCB6}.Debug|Any CPU.Build.0 = Debug|Any CPU
		{2152EB0D-012C-4BFE-AB2C-117741CCDCB6}.Release|Any CPU.ActiveCfg = Release|Any CPU
		{2152EB0D-012C-4BFE-AB2C-117741CCDCB6}.Release|Any CPU.Build.0 = Release|Any CPU
		{7415B3CA-9AE6-48AC-9D0C-971C3BBC834F}.Debug|Any CPU.ActiveCfg = Debug|Any CPU
		{7415B3CA-9AE6-48AC-9D0C-971C3BBC834F}.Debug|Any CPU.Build.0 = Debug|Any CPU
		{7415B3CA-9AE6-48AC-9D0C-971C3BBC834F}.Release|Any CPU.ActiveCfg = Release|Any CPU
		{7415B3CA-9AE6-48AC-9D0C-971C3BBC834F}.Release|Any CPU.Build.0 = Release|Any CPU
		{8A845A2D-B4DF-4776-8CD5-E6B5DBBFE57C}.Debug|Any CPU.ActiveCfg = Debug|Any CPU
		{8A845A2D-B4DF-4776-8CD5-E6B5DBBFE57C}.Debug|Any CPU.Build.0 = Debug|Any CPU
		{8A845A2D-B4DF-4776-8CD5-E6B5DBBFE57C}.Release|Any CPU.ActiveCfg = Release|Any CPU
		{8A845A2D-B4DF-4776-8CD5-E6B5DBBFE57C}.Release|Any CPU.Build.0 = Release|Any CPU
	EndGlobalSection
	GlobalSection(SolutionProperties) = preSolution
		HideSolutionNode = FALSE
	EndGlobalSection
	GlobalSection(ExtensibilityGlobals) = postSolution
		SolutionGuid = {D9A5A697-AD05-4A91-8F6C-3969E5DA9510}
	EndGlobalSection
EndGlobal
